// !$*UTF8*$!
{
	archiveVersion = 1;
	classes = {
	};
	objectVersion = 50;
	objects = {

/* Begin PBXBuildFile section */
		697CC851259E69C300901F8E /* AppDelegate.swift in Sources */ = {isa = PBXBuildFile; fileRef = 697CC850259E69C300901F8E /* AppDelegate.swift */; };
		697CC853259E69C300901F8E /* SceneDelegate.swift in Sources */ = {isa = PBXBuildFile; fileRef = 697CC852259E69C300901F8E /* SceneDelegate.swift */; };
		697CC855259E69C300901F8E /* ViewController.swift in Sources */ = {isa = PBXBuildFile; fileRef = 697CC854259E69C300901F8E /* ViewController.swift */; };
		697CC858259E69C300901F8E /* Main.storyboard in Resources */ = {isa = PBXBuildFile; fileRef = 697CC856259E69C300901F8E /* Main.storyboard */; };
		697CC85A259E69C500901F8E /* Assets.xcassets in Resources */ = {isa = PBXBuildFile; fileRef = 697CC859259E69C500901F8E /* Assets.xcassets */; };
		697CC85D259E69C500901F8E /* LaunchScreen.storyboard in Resources */ = {isa = PBXBuildFile; fileRef = 697CC85B259E69C500901F8E /* LaunchScreen.storyboard */; };
		697CC868259E69C500901F8E /* preworkTests.swift in Sources */ = {isa = PBXBuildFile; fileRef = 697CC867259E69C500901F8E /* preworkTests.swift */; };
		697CC873259E69C500901F8E /* preworkUITests.swift in Sources */ = {isa = PBXBuildFile; fileRef = 697CC872259E69C500901F8E /* preworkUITests.swift */; };
/* End PBXBuildFile section */

/* Begin PBXContainerItemProxy section */
		697CC864259E69C500901F8E /* PBXContainerItemProxy */ = {
			isa = PBXContainerItemProxy;
			containerPortal = 697CC845259E69C200901F8E /* Project object */;
			proxyType = 1;
			remoteGlobalIDString = 697CC84C259E69C300901F8E;
			remoteInfo = prework;
		};
		697CC86F259E69C500901F8E /* PBXContainerItemProxy */ = {
			isa = PBXContainerItemProxy;
			containerPortal = 697CC845259E69C200901F8E /* Project object */;
			proxyType = 1;
			remoteGlobalIDString = 697CC84C259E69C300901F8E;
			remoteInfo = prework;
		};
/* End PBXContainerItemProxy section */

/* Begin PBXFileReference section */
		697CC84D259E69C300901F8E /* prework.app */ = {isa = PBXFileReference; explicitFileType = wrapper.application; includeInIndex = 0; path = prework.app; sourceTree = BUILT_PRODUCTS_DIR; };
		697CC850259E69C300901F8E /* AppDelegate.swift */ = {isa = PBXFileReference; lastKnownFileType = sourcecode.swift; path = AppDelegate.swift; sourceTree = "<group>"; };
		697CC852259E69C300901F8E /* SceneDelegate.swift */ = {isa = PBXFileReference; lastKnownFileType = sourcecode.swift; path = SceneDelegate.swift; sourceTree = "<group>"; };
		697CC854259E69C300901F8E /* ViewController.swift */ = {isa = PBXFileReference; lastKnownFileType = sourcecode.swift; path = ViewController.swift; sourceTree = "<group>"; };
		697CC857259E69C300901F8E /* Base */ = {isa = PBXFileReference; lastKnownFileType = file.storyboard; name = Base; path = Base.lproj/Main.storyboard; sourceTree = "<group>"; };
		697CC859259E69C500901F8E /* Assets.xcassets */ = {isa = PBXFileReference; lastKnownFileType = folder.assetcatalog; path = Assets.xcassets; sourceTree = "<group>"; };
		697CC85C259E69C500901F8E /* Base */ = {isa = PBXFileReference; lastKnownFileType = file.storyboard; name = Base; path = Base.lproj/LaunchScreen.storyboard; sourceTree = "<group>"; };
		697CC85E259E69C500901F8E /* Info.plist */ = {isa = PBXFileReference; lastKnownFileType = text.plist.xml; path = Info.plist; sourceTree = "<group>"; };
		697CC863259E69C500901F8E /* preworkTests.xctest */ = {isa = PBXFileReference; explicitFileType = wrapper.cfbundle; includeInIndex = 0; path = preworkTests.xctest; sourceTree = BUILT_PRODUCTS_DIR; };
		697CC867259E69C500901F8E /* preworkTests.swift */ = {isa = PBXFileReference; lastKnownFileType = sourcecode.swift; path = preworkTests.swift; sourceTree = "<group>"; };
		697CC869259E69C500901F8E /* Info.plist */ = {isa = PBXFileReference; lastKnownFileType = text.plist.xml; path = Info.plist; sourceTree = "<group>"; };
		697CC86E259E69C500901F8E /* preworkUITests.xctest */ = {isa = PBXFileReference; explicitFileType = wrapper.cfbundle; includeInIndex = 0; path = preworkUITests.xctest; sourceTree = BUILT_PRODUCTS_DIR; };
		697CC872259E69C500901F8E /* preworkUITests.swift */ = {isa = PBXFileReference; lastKnownFileType = sourcecode.swift; path = preworkUITests.swift; sourceTree = "<group>"; };
		697CC874259E69C500901F8E /* Info.plist */ = {isa = PBXFileReference; lastKnownFileType = text.plist.xml; path = Info.plist; sourceTree = "<group>"; };
/* End PBXFileReference section */

/* Begin PBXFrameworksBuildPhase section */
		697CC84A259E69C300901F8E /* Frameworks */ = {
			isa = PBXFrameworksBuildPhase;
			buildActionMask = 2147483647;
			files = (
			);
			runOnlyForDeploymentPostprocessing = 0;
		};
		697CC860259E69C500901F8E /* Frameworks */ = {
			isa = PBXFrameworksBuildPhase;
			buildActionMask = 2147483647;
			files = (
			);
			runOnlyForDeploymentPostprocessing = 0;
		};
		697CC86B259E69C500901F8E /* Frameworks */ = {
			isa = PBXFrameworksBuildPhase;
			buildActionMask = 2147483647;
			files = (
			);
			runOnlyForDeploymentPostprocessing = 0;
		};
/* End PBXFrameworksBuildPhase section */

/* Begin PBXGroup section */
		697CC844259E69C200901F8E = {
			isa = PBXGroup;
			children = (
				697CC84F259E69C300901F8E /* prework */,
				697CC866259E69C500901F8E /* preworkTests */,
				697CC871259E69C500901F8E /* preworkUITests */,
				697CC84E259E69C300901F8E /* Products */,
			);
			sourceTree = "<group>";
		};
		697CC84E259E69C300901F8E /* Products */ = {
			isa = PBXGroup;
			children = (
				697CC84D259E69C300901F8E /* prework.app */,
				697CC863259E69C500901F8E /* preworkTests.xctest */,
				697CC86E259E69C500901F8E /* preworkUITests.xctest */,
			);
			name = Products;
			sourceTree = "<group>";
		};
		697CC84F259E69C300901F8E /* prework */ = {
			isa = PBXGroup;
			children = (
				697CC850259E69C300901F8E /* AppDelegate.swift */,
				697CC852259E69C300901F8E /* SceneDelegate.swift */,
				697CC854259E69C300901F8E /* ViewController.swift */,
				697CC856259E69C300901F8E /* Main.storyboard */,
				697CC859259E69C500901F8E /* Assets.xcassets */,
				697CC85B259E69C500901F8E /* LaunchScreen.storyboard */,
				697CC85E259E69C500901F8E /* Info.plist */,
			);
			path = prework;
			sourceTree = "<group>";
		};
		697CC866259E69C500901F8E /* preworkTests */ = {
			isa = PBXGroup;
			children = (
				697CC867259E69C500901F8E /* preworkTests.swift */,
				697CC869259E69C500901F8E /* Info.plist */,
			);
			path = preworkTests;
			sourceTree = "<group>";
		};
		697CC871259E69C500901F8E /* preworkUITests */ = {
			isa = PBXGroup;
			children = (
				697CC872259E69C500901F8E /* preworkUITests.swift */,
				697CC874259E69C500901F8E /* Info.plist */,
			);
			path = preworkUITests;
			sourceTree = "<group>";
		};
/* End PBXGroup section */

/* Begin PBXNativeTarget section */
		697CC84C259E69C300901F8E /* prework */ = {
			isa = PBXNativeTarget;
			buildConfigurationList = 697CC877259E69C500901F8E /* Build configuration list for PBXNativeTarget "prework" */;
			buildPhases = (
				697CC849259E69C300901F8E /* Sources */,
				697CC84A259E69C300901F8E /* Frameworks */,
				697CC84B259E69C300901F8E /* Resources */,
			);
			buildRules = (
			);
			dependencies = (
			);
			name = prework;
			productName = prework;
			productReference = 697CC84D259E69C300901F8E /* prework.app */;
			productType = "com.apple.product-type.application";
		};
		697CC862259E69C500901F8E /* preworkTests */ = {
			isa = PBXNativeTarget;
			buildConfigurationList = 697CC87A259E69C500901F8E /* Build configuration list for PBXNativeTarget "preworkTests" */;
			buildPhases = (
				697CC85F259E69C500901F8E /* Sources */,
				697CC860259E69C500901F8E /* Frameworks */,
				697CC861259E69C500901F8E /* Resources */,
			);
			buildRules = (
			);
			dependencies = (
				697CC865259E69C500901F8E /* PBXTargetDependency */,
			);
			name = preworkTests;
			productName = preworkTests;
			productReference = 697CC863259E69C500901F8E /* preworkTests.xctest */;
			productType = "com.apple.product-type.bundle.unit-test";
		};
		697CC86D259E69C500901F8E /* preworkUITests */ = {
			isa = PBXNativeTarget;
			buildConfigurationList = 697CC87D259E69C500901F8E /* Build configuration list for PBXNativeTarget "preworkUITests" */;
			buildPhases = (
				697CC86A259E69C500901F8E /* Sources */,
				697CC86B259E69C500901F8E /* Frameworks */,
				697CC86C259E69C500901F8E /* Resources */,
			);
			buildRules = (
			);
			dependencies = (
				697CC870259E69C500901F8E /* PBXTargetDependency */,
			);
			name = preworkUITests;
			productName = preworkUITests;
			productReference = 697CC86E259E69C500901F8E /* preworkUITests.xctest */;
			productType = "com.apple.product-type.bundle.ui-testing";
		};
/* End PBXNativeTarget section */

/* Begin PBXProject section */
		697CC845259E69C200901F8E /* Project object */ = {
			isa = PBXProject;
			attributes = {
				LastSwiftUpdateCheck = 1230;
				LastUpgradeCheck = 1230;
				TargetAttributes = {
					697CC84C259E69C300901F8E = {
						CreatedOnToolsVersion = 12.3;
					};
					697CC862259E69C500901F8E = {
						CreatedOnToolsVersion = 12.3;
						TestTargetID = 697CC84C259E69C300901F8E;
					};
					697CC86D259E69C500901F8E = {
						CreatedOnToolsVersion = 12.3;
						TestTargetID = 697CC84C259E69C300901F8E;
					};
				};
			};
			buildConfigurationList = 697CC848259E69C200901F8E /* Build configuration list for PBXProject "prework" */;
			compatibilityVersion = "Xcode 9.3";
			developmentRegion = en;
			hasScannedForEncodings = 0;
			knownRegions = (
				en,
				Base,
			);
			mainGroup = 697CC844259E69C200901F8E;
			productRefGroup = 697CC84E259E69C300901F8E /* Products */;
			projectDirPath = "";
			projectRoot = "";
			targets = (
				697CC84C259E69C300901F8E /* prework */,
				697CC862259E69C500901F8E /* preworkTests */,
				697CC86D259E69C500901F8E /* preworkUITests */,
			);
		};
/* End PBXProject section */

/* Begin PBXResourcesBuildPhase section */
		697CC84B259E69C300901F8E /* Resources */ = {
			isa = PBXResourcesBuildPhase;
			buildActionMask = 2147483647;
			files = (
				697CC85D259E69C500901F8E /* LaunchScreen.storyboard in Resources */,
				697CC85A259E69C500901F8E /* Assets.xcassets in Resources */,
				697CC858259E69C300901F8E /* Main.storyboard in Resources */,
			);
			runOnlyForDeploymentPostprocessing = 0;
		};
		697CC861259E69C500901F8E /* Resources */ = {
			isa = PBXResourcesBuildPhase;
			buildActionMask = 2147483647;
			files = (
			);
			runOnlyForDeploymentPostprocessing = 0;
		};
		697CC86C259E69C500901F8E /* Resources */ = {
			isa = PBXResourcesBuildPhase;
			buildActionMask = 2147483647;
			files = (
			);
			runOnlyForDeploymentPostprocessing = 0;
		};
/* End PBXResourcesBuildPhase section */

/* Begin PBXSourcesBuildPhase section */
		697CC849259E69C300901F8E /* Sources */ = {
			isa = PBXSourcesBuildPhase;
			buildActionMask = 2147483647;
			files = (
				697CC855259E69C300901F8E /* ViewController.swift in Sources */,
				697CC851259E69C300901F8E /* AppDelegate.swift in Sources */,
				697CC853259E69C300901F8E /* SceneDelegate.swift in Sources */,
			);
			runOnlyForDeploymentPostprocessing = 0;
		};
		697CC85F259E69C500901F8E /* Sources */ = {
			isa = PBXSourcesBuildPhase;
			buildActionMask = 2147483647;
			files = (
				697CC868259E69C500901F8E /* preworkTests.swift in Sources */,
			);
			runOnlyForDeploymentPostprocessing = 0;
		};
		697CC86A259E69C500901F8E /* Sources */ = {
			isa = PBXSourcesBuildPhase;
			buildActionMask = 2147483647;
			files = (
				697CC873259E69C500901F8E /* preworkUITests.swift in Sources */,
			);
			runOnlyForDeploymentPostprocessing = 0;
		};
/* End PBXSourcesBuildPhase section */

/* Begin PBXTargetDependency section */
		697CC865259E69C500901F8E /* PBXTargetDependency */ = {
			isa = PBXTargetDependency;
			target = 697CC84C259E69C300901F8E /* prework */;
			targetProxy = 697CC864259E69C500901F8E /* PBXContainerItemProxy */;
		};
		697CC870259E69C500901F8E /* PBXTargetDependency */ = {
			isa = PBXTargetDependency;
			target = 697CC84C259E69C300901F8E /* prework */;
			targetProxy = 697CC86F259E69C500901F8E /* PBXContainerItemProxy */;
		};
/* End PBXTargetDependency section */

/* Begin PBXVariantGroup section */
		697CC856259E69C300901F8E /* Main.storyboard */ = {
			isa = PBXVariantGroup;
			children = (
				697CC857259E69C300901F8E /* Base */,
			);
			name = Main.storyboard;
			sourceTree = "<group>";
		};
		697CC85B259E69C500901F8E /* LaunchScreen.storyboard */ = {
			isa = PBXVariantGroup;
			children = (
				697CC85C259E69C500901F8E /* Base */,
			);
			name = LaunchScreen.storyboard;
			sourceTree = "<group>";
		};
/* End PBXVariantGroup section */

/* Begin XCBuildConfiguration section */
		697CC875259E69C500901F8E /* Debug */ = {
			isa = XCBuildConfiguration;
			buildSettings = {
				ALWAYS_SEARCH_USER_PATHS = NO;
				CLANG_ANALYZER_NONNULL = YES;
				CLANG_ANALYZER_NUMBER_OBJECT_CONVERSION = YES_AGGRESSIVE;
				CLANG_CXX_LANGUAGE_STANDARD = "gnu++14";
				CLANG_CXX_LIBRARY = "libc++";
				CLANG_ENABLE_MODULES = YES;
				CLANG_ENABLE_OBJC_ARC = YES;
				CLANG_ENABLE_OBJC_WEAK = YES;
				CLANG_WARN_BLOCK_CAPTURE_AUTORELEASING = YES;
				CLANG_WARN_BOOL_CONVERSION = YES;
				CLANG_WARN_COMMA = YES;
				CLANG_WARN_CONSTANT_CONVERSION = YES;
				CLANG_WARN_DEPRECATED_OBJC_IMPLEMENTATIONS = YES;
				CLANG_WARN_DIRECT_OBJC_ISA_USAGE = YES_ERROR;
				CLANG_WARN_DOCUMENTATION_COMMENTS = YES;
				CLANG_WARN_EMPTY_BODY = YES;
				CLANG_WARN_ENUM_CONVERSION = YES;
				CLANG_WARN_INFINITE_RECURSION = YES;
				CLANG_WARN_INT_CONVERSION = YES;
				CLANG_WARN_NON_LITERAL_NULL_CONVERSION = YES;
				CLANG_WARN_OBJC_IMPLICIT_RETAIN_SELF = YES;
				CLANG_WARN_OBJC_LITERAL_CONVERSION = YES;
				CLANG_WARN_OBJC_ROOT_CLASS = YES_ERROR;
				CLANG_WARN_QUOTED_INCLUDE_IN_FRAMEWORK_HEADER = YES;
				CLANG_WARN_RANGE_LOOP_ANALYSIS = YES;
				CLANG_WARN_STRICT_PROTOTYPES = YES;
				CLANG_WARN_SUSPICIOUS_MOVE = YES;
				CLANG_WARN_UNGUARDED_AVAILABILITY = YES_AGGRESSIVE;
				CLANG_WARN_UNREACHABLE_CODE = YES;
				CLANG_WARN__DUPLICATE_METHOD_MATCH = YES;
				COPY_PHASE_STRIP = NO;
				DEBUG_INFORMATION_FORMAT = dwarf;
				ENABLE_STRICT_OBJC_MSGSEND = YES;
				ENABLE_TESTABILITY = YES;
				GCC_C_LANGUAGE_STANDARD = gnu11;
				GCC_DYNAMIC_NO_PIC = NO;
				GCC_NO_COMMON_BLOCKS = YES;
				GCC_OPTIMIZATION_LEVEL = 0;
				GCC_PREPROCESSOR_DEFINITIONS = (
					"DEBUG=1",
					"$(inherited)",
				);
				GCC_WARN_64_TO_32_BIT_CONVERSION = YES;
				GCC_WARN_ABOUT_RETURN_TYPE = YES_ERROR;
				GCC_WARN_UNDECLARED_SELECTOR = YES;
				GCC_WARN_UNINITIALIZED_AUTOS = YES_AGGRESSIVE;
				GCC_WARN_UNUSED_FUNCTION = YES;
				GCC_WARN_UNUSED_VARIABLE = YES;
				IPHONEOS_DEPLOYMENT_TARGET = 14.3;
				MTL_ENABLE_DEBUG_INFO = INCLUDE_SOURCE;
				MTL_FAST_MATH = YES;
				ONLY_ACTIVE_ARCH = YES;
				SDKROOT = iphoneos;
				SWIFT_ACTIVE_COMPILATION_CONDITIONS = DEBUG;
				SWIFT_OPTIMIZATION_LEVEL = "-Onone";
			};
			name = Debug;
		};
		697CC876259E69C500901F8E /* Release */ = {
			isa = XCBuildConfiguration;
			buildSettings = {
				ALWAYS_SEARCH_USER_PATHS = NO;
				CLANG_ANALYZER_NONNULL = YES;
				CLANG_ANALYZER_NUMBER_OBJECT_CONVERSION = YES_AGGRESSIVE;
				CLANG_CXX_LANGUAGE_STANDARD = "gnu++14";
				CLANG_CXX_LIBRARY = "libc++";
				CLANG_ENABLE_MODULES = YES;
				CLANG_ENABLE_OBJC_ARC = YES;
				CLANG_ENABLE_OBJC_WEAK = YES;
				CLANG_WARN_BLOCK_CAPTURE_AUTORELEASING = YES;
				CLANG_WARN_BOOL_CONVERSION = YES;
				CLANG_WARN_COMMA = YES;
				CLANG_WARN_CONSTANT_CONVERSION = YES;
				CLANG_WARN_DEPRECATED_OBJC_IMPLEMENTATIONS = YES;
				CLANG_WARN_DIRECT_OBJC_ISA_USAGE = YES_ERROR;
				CLANG_WARN_DOCUMENTATION_COMMENTS = YES;
				CLANG_WARN_EMPTY_BODY = YES;
				CLANG_WARN_ENUM_CONVERSION = YES;
				CLANG_WARN_INFINITE_RECURSION = YES;
				CLANG_WARN_INT_CONVERSION = YES;
				CLANG_WARN_NON_LITERAL_NULL_CONVERSION = YES;
				CLANG_WARN_OBJC_IMPLICIT_RETAIN_SELF = YES;
				CLANG_WARN_OBJC_LITERAL_CONVERSION = YES;
				CLANG_WARN_OBJC_ROOT_CLASS = YES_ERROR;
				CLANG_WARN_QUOTED_INCLUDE_IN_FRAMEWORK_HEADER = YES;
				CLANG_WARN_RANGE_LOOP_ANALYSIS = YES;
				CLANG_WARN_STRICT_PROTOTYPES = YES;
				CLANG_WARN_SUSPICIOUS_MOVE = YES;
				CLANG_WARN_UNGUARDED_AVAILABILITY = YES_AGGRESSIVE;
				CLANG_WARN_UNREACHABLE_CODE = YES;
				CLANG_WARN__DUPLICATE_METHOD_MATCH = YES;
				COPY_PHASE_STRIP = NO;
				DEBUG_INFORMATION_FORMAT = "dwarf-with-dsym";
				ENABLE_NS_ASSERTIONS = NO;
				ENABLE_STRICT_OBJC_MSGSEND = YES;
				GCC_C_LANGUAGE_STANDARD = gnu11;
				GCC_NO_COMMON_BLOCKS = YES;
				GCC_WARN_64_TO_32_BIT_CONVERSION = YES;
				GCC_WARN_ABOUT_RETURN_TYPE = YES_ERROR;
				GCC_WARN_UNDECLARED_SELECTOR = YES;
				GCC_WARN_UNINITIALIZED_AUTOS = YES_AGGRESSIVE;
				GCC_WARN_UNUSED_FUNCTION = YES;
				GCC_WARN_UNUSED_VARIABLE = YES;
				IPHONEOS_DEPLOYMENT_TARGET = 14.3;
				MTL_ENABLE_DEBUG_INFO = NO;
				MTL_FAST_MATH = YES;
				SDKROOT = iphoneos;
				SWIFT_COMPILATION_MODE = wholemodule;
				SWIFT_OPTIMIZATION_LEVEL = "-O";
				VALIDATE_PRODUCT = YES;
			};
			name = Release;
		};
		697CC878259E69C500901F8E /* Debug */ = {
			isa = XCBuildConfiguration;
			buildSettings = {
				ASSETCATALOG_COMPILER_APPICON_NAME = AppIcon;
				ASSETCATALOG_COMPILER_GLOBAL_ACCENT_COLOR_NAME = AccentColor;
				CODE_SIGN_STYLE = Automatic;
				DEVELOPMENT_TEAM = KDUGY5LL8P;
				INFOPLIST_FILE = prework/Info.plist;
				LD_RUNPATH_SEARCH_PATHS = (
					"$(inherited)",
					"@executable_path/Frameworks",
				);
				PRODUCT_BUNDLE_IDENTIFIER = warith.com.prework;
				PRODUCT_NAME = "$(TARGET_NAME)";
				SWIFT_VERSION = 5.0;
				TARGETED_DEVICE_FAMILY = "1,2";
			};
			name = Debug;
		};
		697CC879259E69C500901F8E /* Release */ = {
			isa = XCBuildConfiguration;
			buildSettings = {
				ASSETCATALOG_COMPILER_APPICON_NAME = AppIcon;
				ASSETCATALOG_COMPILER_GLOBAL_ACCENT_COLOR_NAME = AccentColor;
				CODE_SIGN_STYLE = Automatic;
				DEVELOPMENT_TEAM = KDUGY5LL8P;
				INFOPLIST_FILE = prework/Info.plist;
				LD_RUNPATH_SEARCH_PATHS = (
					"$(inherited)",
					"@executable_path/Frameworks",
				);
				PRODUCT_BUNDLE_IDENTIFIER = warith.com.prework;
				PRODUCT_NAME = "$(TARGET_NAME)";
				SWIFT_VERSION = 5.0;
				TARGETED_DEVICE_FAMILY = "1,2";
			};
			name = Release;
		};
		697CC87B259E69C500901F8E /* Debug */ = {
			isa = XCBuildConfiguration;
			buildSettings = {
				ALWAYS_EMBED_SWIFT_STANDARD_LIBRARIES = YES;
				BUNDLE_LOADER = "$(TEST_HOST)";
				CODE_SIGN_STYLE = Automatic;
				DEVELOPMENT_TEAM = KDUGY5LL8P;
				INFOPLIST_FILE = preworkTests/Info.plist;
				IPHONEOS_DEPLOYMENT_TARGET = 14.3;
				LD_RUNPATH_SEARCH_PATHS = (
					"$(inherited)",
					"@executable_path/Frameworks",
					"@loader_path/Frameworks",
				);
				PRODUCT_BUNDLE_IDENTIFIER = warith.com.preworkTests;
				PRODUCT_NAME = "$(TARGET_NAME)";
				SWIFT_VERSION = 5.0;
				TARGETED_DEVICE_FAMILY = "1,2";
				TEST_HOST = "$(BUILT_PRODUCTS_DIR)/prework.app/prework";
			};
			name = Debug;
		};
		697CC87C259E69C500901F8E /* Release */ = {
			isa = XCBuildConfiguration;
			buildSettings = {
				ALWAYS_EMBED_SWIFT_STANDARD_LIBRARIES = YES;
				BUNDLE_LOADER = "$(TEST_HOST)";
				CODE_SIGN_STYLE = Automatic;
				DEVELOPMENT_TEAM = KDUGY5LL8P;
				INFOPLIST_FILE = preworkTests/Info.plist;
				IPHONEOS_DEPLOYMENT_TARGET = 14.3;
				LD_RUNPATH_SEARCH_PATHS = (
					"$(inherited)",
					"@executable_path/Frameworks",
					"@loader_path/Frameworks",
				);
				PRODUCT_BUNDLE_IDENTIFIER = warith.com.preworkTests;
				PRODUCT_NAME = "$(TARGET_NAME)";
				SWIFT_VERSION = 5.0;
				TARGETED_DEVICE_FAMILY = "1,2";
				TEST_HOST = "$(BUILT_PRODUCTS_DIR)/prework.app/prework";
			};
			name = Release;
		};
		697CC87E259E69C500901F8E /* Debug */ = {
			isa = XCBuildConfiguration;
			buildSettings = {
				ALWAYS_EMBED_SWIFT_STANDARD_LIBRARIES = YES;
				CODE_SIGN_STYLE = Automatic;
				DEVELOPMENT_TEAM = KDUGY5LL8P;
				INFOPLIST_FILE = preworkUITests/Info.plist;
				LD_RUNPATH_SEARCH_PATHS = (
					"$(inherited)",
					"@executable_path/Frameworks",
					"@loader_path/Frameworks",
				);
				PRODUCT_BUNDLE_IDENTIFIER = warith.com.preworkUITests;
				PRODUCT_NAME = "$(TARGET_NAME)";
				SWIFT_VERSION = 5.0;
				TARGETED_DEVICE_FAMILY = "1,2";
				TEST_TARGET_NAME = prework;
			};
			name = Debug;
		};
		697CC87F259E69C500901F8E /* Release */ = {
			isa = XCBuildConfiguration;
			buildSettings = {
				ALWAYS_EMBED_SWIFT_STANDARD_LIBRARIES = YES;
				CODE_SIGN_STYLE = Automatic;
				DEVELOPMENT_TEAM = KDUGY5LL8P;
				INFOPLIST_FILE = preworkUITests/Info.plist;
				LD_RUNPATH_SEARCH_PATHS = (
					"$(inherited)",
					"@executable_path/Frameworks",
					"@loader_path/Frameworks",
				);
				PRODUCT_BUNDLE_IDENTIFIER = warith.com.preworkUITests;
				PRODUCT_NAME = "$(TARGET_NAME)";
				SWIFT_VERSION = 5.0;
				TARGETED_DEVICE_FAMILY = "1,2";
				TEST_TARGET_NAME = prework;
			};
			name = Release;
		};
/* End XCBuildConfiguration section */

/* Begin XCConfigurationList section */
		697CC848259E69C200901F8E /* Build configuration list for PBXProject "prework" */ = {
			isa = XCConfigurationList;
			buildConfigurations = (
				697CC875259E69C500901F8E /* Debug */,
				697CC876259E69C500901F8E /* Release */,
			);
			defaultConfigurationIsVisible = 0;
			defaultConfigurationName = Release;
		};
		697CC877259E69C500901F8E /* Build configuration list for PBXNativeTarget "prework" */ = {
			isa = XCConfigurationList;
			buildConfigurations = (
				697CC878259E69C500901F8E /* Debug */,
				697CC879259E69C500901F8E /* Release */,
			);
			defaultConfigurationIsVisible = 0;
			defaultConfigurationName = Release;
		};
		697CC87A259E69C500901F8E /* Build configuration list for PBXNativeTarget "preworkTests" */ = {
			isa = XCConfigurationList;
			buildConfigurations = (
				697CC87B259E69C500901F8E /* Debug */,
				697CC87C259E69C500901F8E /* Release */,
			);
			defaultConfigurationIsVisible = 0;
			defaultConfigurationName = Release;
		};
		697CC87D259E69C500901F8E /* Build configuration list for PBXNativeTarget "preworkUITests" */ = {
			isa = XCConfigurationList;
			buildConfigurations = (
				697CC87E259E69C500901F8E /* Debug */,
				697CC87F259E69C500901F8E /* Release */,
			);
			defaultConfigurationIsVisible = 0;
			defaultConfigurationName = Release;
		};
/* End XCConfigurationList section */
	};
	rootObject = 697CC845259E69C200901F8E /* Project object */;
}
